{
  "version": 4,
  "terraform_version": "1.4.6",
  "serial": 2,
  "lineage": "4721f5b5-4ea0-f127-43c2-f1d914fb7391",
  "outputs": {
    "vpcid": {
      "value": "vpc-0dfdebe21a340c3fd",
      "type": "string"
    }
  },
  "resources": [
    {
      "mode": "managed",
      "type": "aws_vpc",
      "name": "myvpc",
      "provider": "provider[\"registry.terraform.io/hashicorp/aws\"]",
      "instances": [
        {
          "schema_version": 1,
          "attributes": {
            "arn": "arn:aws:ec2:us-west-2:193276374581:vpc/vpc-0dfdebe21a340c3fd",
            "assign_generated_ipv6_cidr_block": false,
            "cidr_block": "10.0.0.0/16",
            "default_network_acl_id": "acl-0d45a30421e0471fd",
            "default_route_table_id": "rtb-03e825ec2ce0ee863",
            "default_security_group_id": "sg-06239ceab54651426",
            "dhcp_options_id": "dopt-01596fb0a27e86ed4",
            "enable_classiclink": false,
            "enable_classiclink_dns_support": false,
            "enable_dns_hostnames": false,
            "enable_dns_support": true,
            "enable_network_address_usage_metrics": false,
            "id": "vpc-0dfdebe21a340c3fd",
            "instance_tenancy": "default",
            "ipv4_ipam_pool_id": null,
            "ipv4_netmask_length": null,
            "ipv6_association_id": "",
            "ipv6_cidr_block": "",
            "ipv6_cidr_block_network_border_group": "",
            "ipv6_ipam_pool_id": "",
            "ipv6_netmask_length": 0,
            "main_route_table_id": "rtb-03e825ec2ce0ee863",
            "owner_id": "193276374581",
            "tags": {
              "Name": "yes"
            },
            "tags_all": {
              "Name": "yes"
            }
          },
          "sensitive_attributes": [],
          "private": "eyJzY2hlbWFfdmVyc2lvbiI6IjEifQ=="
        }
      ]
    }
  ],
  "check_results": null
}
