{
  "version": 4,
  "terraform_version": "1.4.6",
  "serial": 5,
  "lineage": "c389803b-79d7-3abd-5c68-f04c2d9cd68e",
  "outputs": {},
  "resources": [
    {
      "mode": "managed",
      "type": "aws_iam_policy",
      "name": "customPolicy",
      "provider": "provider[\"registry.terraform.io/hashicorp/aws\"]",
      "instances": [
        {
          "schema_version": 0,
          "attributes": {
            "arn": "arn:aws:iam::193276374581:policy/GlacierEFSEC2",
            "description": "",
            "id": "arn:aws:iam::193276374581:policy/GlacierEFSEC2",
            "name": "GlacierEFSEC2",
            "name_prefix": "",
            "path": "/",
            "policy": "{\"Statement\":[{\"Action\":[\"glacier:InitiateJob\",\"glacier:AbortMultipartUpload\",\"glacier:CreateVault\",\"glacier:ListTagsForVault\",\"glacier:DeleteVault\",\"glacier:DeleteArchive\",\"glacier:ListParts\",\"glacier:DeleteVaultNotifications\",\"glacier:ListJobs\",\"glacier:ListMultipartUploads\",\"glacier:SetVaultNotifications\",\"glacier:CompleteMultipartUpload\",\"glacier:InitiateMultipartUpload\",\"glacier:UploadMultipartPart\",\"glacier:PurchaseProvisionedCapacity\",\"glacier:UploadArchive\",\"glacier:ListVaults\",\"glacier:ListProvisionedCapacity\"],\"Effect\":\"Allow\",\"Resource\":\"*\",\"Sid\":\"VisualEditor0\"}],\"Version\":\"2012-10-17\"}",
            "policy_id": "ANPAS2ABLNY26R4RVEIC7",
            "tags": null,
            "tags_all": {}
          },
          "sensitive_attributes": [],
          "private": "bnVsbA=="
        }
      ]
    },
    {
      "mode": "managed",
      "type": "aws_iam_policy_attachment",
      "name": "policyBind",
      "provider": "provider[\"registry.terraform.io/hashicorp/aws\"]",
      "instances": [
        {
          "schema_version": 0,
          "attributes": {
            "groups": null,
            "id": "attachment",
            "name": "attachment",
            "policy_arn": "arn:aws:iam::193276374581:policy/GlacierEFSEC2",
            "roles": null,
            "users": [
              "TJ"
            ]
          },
          "sensitive_attributes": [],
          "private": "bnVsbA==",
          "dependencies": [
            "aws_iam_policy.customPolicy",
            "aws_iam_user.myUser"
          ]
        }
      ]
    },
    {
      "mode": "managed",
      "type": "aws_iam_user",
      "name": "myUser",
      "provider": "provider[\"registry.terraform.io/hashicorp/aws\"]",
      "instances": [
        {
          "schema_version": 0,
          "attributes": {
            "arn": "arn:aws:iam::193276374581:user/TJ",
            "force_destroy": false,
            "id": "TJ",
            "name": "TJ",
            "path": "/",
            "permissions_boundary": null,
            "tags": null,
            "tags_all": {},
            "unique_id": "AIDAS2ABLNY24VZO5PH2S"
          },
          "sensitive_attributes": [],
          "private": "bnVsbA=="
        }
      ]
    }
  ],
  "check_results": null
}
